
Microsoft Visual Studio Solution File, Format Version 11.00
# Visual Studio 2010
Project("{FAE04EC0-301F-11D3-BF4B-00C04F79EFBC}") = "SnakeDeathmatch", "SnakeDeathmatch\SnakeDeathmatch.csproj", "{0B4B4033-2DA4-491C-BDB7-D23DA511EE08}"
EndProject
Project("{FAE04EC0-301F-11D3-BF4B-00C04F79EFBC}") = "NewGameUI", "NewGameUI\NewGameUI.csproj", "{9F87FDD8-89E6-4F0E-A63E-5BAAACB2A260}"
EndProject
Project("{FAE04EC0-301F-11D3-BF4B-00C04F79EFBC}") = "OldGameUI", "OldGameUI\OldGameUI.csproj", "{FFEC223C-220A-4848-8905-6156A21DCE02}"
EndProject
Global
	GlobalSection(SolutionConfigurationPlatforms) = preSolution
		Debug|Any CPU = Debug|Any CPU
		Debug|Mixed Platforms = Debug|Mixed Platforms
		Debug|x86 = Debug|x86
		Release|Any CPU = Release|Any CPU
		Release|Mixed Platforms = Release|Mixed Platforms
		Release|x86 = Release|x86
	EndGlobalSection
	GlobalSection(ProjectConfigurationPlatforms) = postSolution
		{0B4B4033-2DA4-491C-BDB7-D23DA511EE08}.Debug|Any CPU.ActiveCfg = Debug|x86
		{0B4B4033-2DA4-491C-BDB7-D23DA511EE08}.Debug|Any CPU.Build.0 = Debug|x86
		{0B4B4033-2DA4-491C-BDB7-D23DA511EE08}.Debug|Mixed Platforms.ActiveCfg = Debug|x86
		{0B4B4033-2DA4-491C-BDB7-D23DA511EE08}.Debug|Mixed Platforms.Build.0 = Debug|x86
		{0B4B4033-2DA4-491C-BDB7-D23DA511EE08}.Debug|x86.ActiveCfg = Debug|x86
		{0B4B4033-2DA4-491C-BDB7-D23DA511EE08}.Debug|x86.Build.0 = Debug|x86
		{0B4B4033-2DA4-491C-BDB7-D23DA511EE08}.Release|Any CPU.ActiveCfg = Release|x86
		{0B4B4033-2DA4-491C-BDB7-D23DA511EE08}.Release|Mixed Platforms.ActiveCfg = Release|x86
		{0B4B4033-2DA4-491C-BDB7-D23DA511EE08}.Release|Mixed Platforms.Build.0 = Release|x86
		{0B4B4033-2DA4-491C-BDB7-D23DA511EE08}.Release|x86.ActiveCfg = Release|x86
		{0B4B4033-2DA4-491C-BDB7-D23DA511EE08}.Release|x86.Build.0 = Release|x86
		{9F87FDD8-89E6-4F0E-A63E-5BAAACB2A260}.Debug|Any CPU.ActiveCfg = Debug|Any CPU
		{9F87FDD8-89E6-4F0E-A63E-5BAAACB2A260}.Debug|Any CPU.Build.0 = Debug|Any CPU
		{9F87FDD8-89E6-4F0E-A63E-5BAAACB2A260}.Debug|Mixed Platforms.ActiveCfg = Debug|Any CPU
		{9F87FDD8-89E6-4F0E-A63E-5BAAACB2A260}.Debug|Mixed Platforms.Build.0 = Debug|Any CPU
		{9F87FDD8-89E6-4F0E-A63E-5BAAACB2A260}.Debug|x86.ActiveCfg = Debug|Any CPU
		{9F87FDD8-89E6-4F0E-A63E-5BAAACB2A260}.Debug|x86.Build.0 = Debug|Any CPU
		{9F87FDD8-89E6-4F0E-A63E-5BAAACB2A260}.Release|Any CPU.ActiveCfg = Release|Any CPU
		{9F87FDD8-89E6-4F0E-A63E-5BAAACB2A260}.Release|Any CPU.Build.0 = Release|Any CPU
		{9F87FDD8-89E6-4F0E-A63E-5BAAACB2A260}.Release|Mixed Platforms.ActiveCfg = Release|Any CPU
		{9F87FDD8-89E6-4F0E-A63E-5BAAACB2A260}.Release|Mixed Platforms.Build.0 = Release|Any CPU
		{9F87FDD8-89E6-4F0E-A63E-5BAAACB2A260}.Release|x86.ActiveCfg = Release|Any CPU
		{FFEC223C-220A-4848-8905-6156A21DCE02}.Debug|Any CPU.ActiveCfg = Debug|Any CPU
		{FFEC223C-220A-4848-8905-6156A21DCE02}.Debug|Any CPU.Build.0 = Debug|Any CPU
		{FFEC223C-220A-4848-8905-6156A21DCE02}.Debug|Mixed Platforms.ActiveCfg = Debug|Any CPU
		{FFEC223C-220A-4848-8905-6156A21DCE02}.Debug|Mixed Platforms.Build.0 = Debug|Any CPU
		{FFEC223C-220A-4848-8905-6156A21DCE02}.Debug|x86.ActiveCfg = Debug|Any CPU
		{FFEC223C-220A-4848-8905-6156A21DCE02}.Debug|x86.Build.0 = Debug|Any CPU
		{FFEC223C-220A-4848-8905-6156A21DCE02}.Release|Any CPU.ActiveCfg = Release|Any CPU
		{FFEC223C-220A-4848-8905-6156A21DCE02}.Release|Any CPU.Build.0 = Release|Any CPU
		{FFEC223C-220A-4848-8905-6156A21DCE02}.Release|Mixed Platforms.ActiveCfg = Release|Any CPU
		{FFEC223C-220A-4848-8905-6156A21DCE02}.Release|Mixed Platforms.Build.0 = Release|Any CPU
		{FFEC223C-220A-4848-8905-6156A21DCE02}.Release|x86.ActiveCfg = Release|Any CPU
	EndGlobalSection
	GlobalSection(SolutionProperties) = preSolution
		HideSolutionNode = FALSE
	EndGlobalSection
EndGlobal
