
Microsoft Visual Studio Solution File, Format Version 11.00
# Visual Studio 2010
Project("{FAE04EC0-301F-11D3-BF4B-00C04F79EFBC}") = "Snake2", "Snake2\Snake2.csproj", "{0B4B4033-2DA4-491C-BDB7-D23DA511EE08}"
EndProject
Global
	GlobalSection(SolutionConfigurationPlatforms) = preSolution
		Debug|x86 = Debug|x86
		Release|x86 = Release|x86
	EndGlobalSection
	GlobalSection(ProjectConfigurationPlatforms) = postSolution
		{0B4B4033-2DA4-491C-BDB7-D23DA511EE08}.Debug|x86.ActiveCfg = Debug|x86
		{0B4B4033-2DA4-491C-BDB7-D23DA511EE08}.Debug|x86.Build.0 = Debug|x86
		{0B4B4033-2DA4-491C-BDB7-D23DA511EE08}.Release|x86.ActiveCfg = Release|x86
		{0B4B4033-2DA4-491C-BDB7-D23DA511EE08}.Release|x86.Build.0 = Release|x86
	EndGlobalSection
	GlobalSection(SolutionProperties) = preSolution
		HideSolutionNode = FALSE
	EndGlobalSection
EndGlobal
